
Microsoft Visual Studio Solution File, Format Version 12.00
# Visual Studio Version 16
VisualStudioVersion = 16.0.31129.286
MinimumVisualStudioVersion = 10.0.40219.1
Project("{FAE04EC0-301F-11D3-BF4B-00C04F79EFBC}") = "Test.Android", "Test\Test.Android\Test.Android.csproj", "{D8EB58AA-5791-438A-A748-1CFCDCBC140F}"
EndProject
Project("{9A19103F-16F7-4668-BE54-9A1E7A4F7556}") = "Test", "Test\Test\Test.csproj", "{AB07D9A4-B826-455E-B492-50580B98494D}"
EndProject
Global
	GlobalSection(SolutionConfigurationPlatforms) = preSolution
		Debug|Any CPU = Debug|Any CPU
		Debug|iPhone = Debug|iPhone
		Debug|iPhoneSimulator = Debug|iPhoneSimulator
		Release|Any CPU = Release|Any CPU
		Release|iPhone = Release|iPhone
		Release|iPhoneSimulator = Release|iPhoneSimulator
	EndGlobalSection
	GlobalSection(ProjectConfigurationPlatforms) = postSolution
		{D8EB58AA-5791-438A-A748-1CFCDCBC140F}.Debug|Any CPU.ActiveCfg = Debug|Any CPU
		{D8EB58AA-5791-438A-A748-1CFCDCBC140F}.Debug|Any CPU.Build.0 = Debug|Any CPU
		{D8EB58AA-5791-438A-A748-1CFCDCBC140F}.Debug|Any CPU.Deploy.0 = Debug|Any CPU
		{D8EB58AA-5791-438A-A748-1CFCDCBC140F}.Debug|iPhone.ActiveCfg = Debug|Any CPU
		{D8EB58AA-5791-438A-A748-1CFCDCBC140F}.Debug|iPhone.Build.0 = Debug|Any CPU
		{D8EB58AA-5791-438A-A748-1CFCDCBC140F}.Debug|iPhone.Deploy.0 = Debug|Any CPU
		{D8EB58AA-5791-438A-A748-1CFCDCBC140F}.Debug|iPhoneSimulator.ActiveCfg = Debug|Any CPU
		{D8EB58AA-5791-438A-A748-1CFCDCBC140F}.Debug|iPhoneSimulator.Build.0 = Debug|Any CPU
		{D8EB58AA-5791-438A-A748-1CFCDCBC140F}.Debug|iPhoneSimulator.Deploy.0 = Debug|Any CPU
		{D8EB58AA-5791-438A-A748-1CFCDCBC140F}.Release|Any CPU.ActiveCfg = Release|Any CPU
		{D8EB58AA-5791-438A-A748-1CFCDCBC140F}.Release|Any CPU.Build.0 = Release|Any CPU
		{D8EB58AA-5791-438A-A748-1CFCDCBC140F}.Release|Any CPU.Deploy.0 = Release|Any CPU
		{D8EB58AA-5791-438A-A748-1CFCDCBC140F}.Release|iPhone.ActiveCfg = Release|Any CPU
		{D8EB58AA-5791-438A-A748-1CFCDCBC140F}.Release|iPhone.Build.0 = Release|Any CPU
		{D8EB58AA-5791-438A-A748-1CFCDCBC140F}.Release|iPhone.Deploy.0 = Release|Any CPU
		{D8EB58AA-5791-438A-A748-1CFCDCBC140F}.Release|iPhoneSimulator.ActiveCfg = Release|Any CPU
		{D8EB58AA-5791-438A-A748-1CFCDCBC140F}.Release|iPhoneSimulator.Build.0 = Release|Any CPU
		{D8EB58AA-5791-438A-A748-1CFCDCBC140F}.Release|iPhoneSimulator.Deploy.0 = Release|Any CPU
		{AB07D9A4-B826-455E-B492-50580B98494D}.Debug|Any CPU.ActiveCfg = Debug|Any CPU
		{AB07D9A4-B826-455E-B492-50580B98494D}.Debug|Any CPU.Build.0 = Debug|Any CPU
		{AB07D9A4-B826-455E-B492-50580B98494D}.Debug|Any CPU.Deploy.0 = Debug|Any CPU
		{AB07D9A4-B826-455E-B492-50580B98494D}.Debug|iPhone.ActiveCfg = Debug|Any CPU
		{AB07D9A4-B826-455E-B492-50580B98494D}.Debug|iPhone.Build.0 = Debug|Any CPU
		{AB07D9A4-B826-455E-B492-50580B98494D}.Debug|iPhone.Deploy.0 = Debug|Any CPU
		{AB07D9A4-B826-455E-B492-50580B98494D}.Debug|iPhoneSimulator.ActiveCfg = Debug|Any CPU
		{AB07D9A4-B826-455E-B492-50580B98494D}.Debug|iPhoneSimulator.Build.0 = Debug|Any CPU
		{AB07D9A4-B826-455E-B492-50580B98494D}.Debug|iPhoneSimulator.Deploy.0 = Debug|Any CPU
		{AB07D9A4-B826-455E-B492-50580B98494D}.Release|Any CPU.ActiveCfg = Release|Any CPU
		{AB07D9A4-B826-455E-B492-50580B98494D}.Release|Any CPU.Build.0 = Release|Any CPU
		{AB07D9A4-B826-455E-B492-50580B98494D}.Release|Any CPU.Deploy.0 = Release|Any CPU
		{AB07D9A4-B826-455E-B492-50580B98494D}.Release|iPhone.ActiveCfg = Release|Any CPU
		{AB07D9A4-B826-455E-B492-50580B98494D}.Release|iPhone.Build.0 = Release|Any CPU
		{AB07D9A4-B826-455E-B492-50580B98494D}.Release|iPhone.Deploy.0 = Release|Any CPU
		{AB07D9A4-B826-455E-B492-50580B98494D}.Release|iPhoneSimulator.ActiveCfg = Release|Any CPU
		{AB07D9A4-B826-455E-B492-50580B98494D}.Release|iPhoneSimulator.Build.0 = Release|Any CPU
		{AB07D9A4-B826-455E-B492-50580B98494D}.Release|iPhoneSimulator.Deploy.0 = Release|Any CPU
	EndGlobalSection
	GlobalSection(SolutionProperties) = preSolution
		HideSolutionNode = FALSE
	EndGlobalSection
	GlobalSection(ExtensibilityGlobals) = postSolution
		SolutionGuid = {ECDB1464-45C5-4E89-A768-126A072BD88E}
	EndGlobalSection
EndGlobal
